
Microsoft Visual Studio Solution File, Format Version 12.00
# Visual Studio 15
VisualStudioVersion = 15.0.28307.271
MinimumVisualStudioVersion = 10.0.40219.1
Project("{FAE04EC0-301F-11D3-BF4B-00C04F79EFBC}") = "delagats", "delagats\delagats.csproj", "{230C8DBE-92CE-425B-94D3-23086F9A1850}"
EndProject
Global
	GlobalSection(SolutionConfigurationPlatforms) = preSolution
		Debug|Any CPU = Debug|Any CPU
		Release|Any CPU = Release|Any CPU
	EndGlobalSection
	GlobalSection(ProjectConfigurationPlatforms) = postSolution
		{230C8DBE-92CE-425B-94D3-23086F9A1850}.Debug|Any CPU.ActiveCfg = Debug|Any CPU
		{230C8DBE-92CE-425B-94D3-23086F9A1850}.Debug|Any CPU.Build.0 = Debug|Any CPU
		{230C8DBE-92CE-425B-94D3-23086F9A1850}.Release|Any CPU.ActiveCfg = Release|Any CPU
		{230C8DBE-92CE-425B-94D3-23086F9A1850}.Release|Any CPU.Build.0 = Release|Any CPU
	EndGlobalSection
	GlobalSection(SolutionProperties) = preSolution
		HideSolutionNode = FALSE
	EndGlobalSection
	GlobalSection(ExtensibilityGlobals) = postSolution
		SolutionGuid = {F46D4CDF-1A9F-47FC-9F6E-E4DA6DFC51F4}
	EndGlobalSection
EndGlobal
